
Microsoft Visual Studio Solution File, Format Version 12.00
# Visual Studio 2013
VisualStudioVersion = 12.0.21005.1
MinimumVisualStudioVersion = 10.0.40219.1
Project("{E24C65DC-7377-472B-9ABA-BC803B73C61A}") = "flaskerMysql", "http://localhost:29214", "{0D3E722B-3C37-40A5-8AAB-F10A373427E8}"
	ProjectSection(WebsiteProperties) = preProject
		UseIISExpress = "true"
		TargetFrameworkMoniker = ".NETFramework,Version%3Dv4.0"
		Debug.AspNetCompiler.VirtualPath = "/localhost_29214"
		Debug.AspNetCompiler.PhysicalPath = "..\flaskerMysql\"
		Debug.AspNetCompiler.TargetPath = "PrecompiledWeb\localhost_29214\"
		Debug.AspNetCompiler.Updateable = "true"
		Debug.AspNetCompiler.ForceOverwrite = "true"
		Debug.AspNetCompiler.FixedNames = "false"
		Debug.AspNetCompiler.Debug = "True"
		Release.AspNetCompiler.VirtualPath = "/localhost_29214"
		Release.AspNetCompiler.PhysicalPath = "..\flaskerMysql\"
		Release.AspNetCompiler.TargetPath = "PrecompiledWeb\localhost_29214\"
		Release.AspNetCompiler.Updateable = "true"
		Release.AspNetCompiler.ForceOverwrite = "true"
		Release.AspNetCompiler.FixedNames = "false"
		Release.AspNetCompiler.Debug = "False"
		SlnRelativePath = "..\flaskerMysql\"
	EndProjectSection
EndProject
Global
	GlobalSection(SolutionConfigurationPlatforms) = preSolution
		Debug|Any CPU = Debug|Any CPU
	EndGlobalSection
	GlobalSection(ProjectConfigurationPlatforms) = postSolution
		{0D3E722B-3C37-40A5-8AAB-F10A373427E8}.Debug|Any CPU.ActiveCfg = Debug|Any CPU
		{0D3E722B-3C37-40A5-8AAB-F10A373427E8}.Debug|Any CPU.Build.0 = Debug|Any CPU
	EndGlobalSection
	GlobalSection(SolutionProperties) = preSolution
		HideSolutionNode = FALSE
	EndGlobalSection
EndGlobal
